
Microsoft Visual Studio Solution File, Format Version 12.00
# Visual Studio 2015
Project("{FAE04EC0-301F-11D3-BF4B-00C04F79EFBC}") = "ProjectOrbit.CSharp.Plugins", "ProjectOrbit.CSharp.Plugins.csproj", "{395BF772-EC51-AEC6-8361-DEE9668C706D}"
EndProject
Project("{FAE04EC0-301F-11D3-BF4B-00C04F79EFBC}") = "ProjectOrbit.CSharp", "ProjectOrbit.CSharp.csproj", "{0CB2AFA9-F41B-E9C1-7053-CB40E258739D}"
EndProject
Project("{FAE04EC0-301F-11D3-BF4B-00C04F79EFBC}") = "ProjectOrbit.CSharp.Editor", "ProjectOrbit.CSharp.Editor.csproj", "{0AF48D5E-82FA-1045-3887-4308D84648D8}"
EndProject
Global
	GlobalSection(SolutionConfigurationPlatforms) = preSolution
		Debug|Any CPU = Debug|Any CPU
		Release|Any CPU = Release|Any CPU
	EndGlobalSection
	GlobalSection(ProjectConfigurationPlatforms) = postSolution
		{395BF772-EC51-AEC6-8361-DEE9668C706D}.Debug|Any CPU.ActiveCfg = Debug|Any CPU
		{395BF772-EC51-AEC6-8361-DEE9668C706D}.Debug|Any CPU.Build.0 = Debug|Any CPU
		{395BF772-EC51-AEC6-8361-DEE9668C706D}.Release|Any CPU.ActiveCfg = Release|Any CPU
		{395BF772-EC51-AEC6-8361-DEE9668C706D}.Release|Any CPU.Build.0 = Release|Any CPU
		{0CB2AFA9-F41B-E9C1-7053-CB40E258739D}.Debug|Any CPU.ActiveCfg = Debug|Any CPU
		{0CB2AFA9-F41B-E9C1-7053-CB40E258739D}.Debug|Any CPU.Build.0 = Debug|Any CPU
		{0CB2AFA9-F41B-E9C1-7053-CB40E258739D}.Release|Any CPU.ActiveCfg = Release|Any CPU
		{0CB2AFA9-F41B-E9C1-7053-CB40E258739D}.Release|Any CPU.Build.0 = Release|Any CPU
		{0AF48D5E-82FA-1045-3887-4308D84648D8}.Debug|Any CPU.ActiveCfg = Debug|Any CPU
		{0AF48D5E-82FA-1045-3887-4308D84648D8}.Debug|Any CPU.Build.0 = Debug|Any CPU
		{0AF48D5E-82FA-1045-3887-4308D84648D8}.Release|Any CPU.ActiveCfg = Release|Any CPU
		{0AF48D5E-82FA-1045-3887-4308D84648D8}.Release|Any CPU.Build.0 = Release|Any CPU
	EndGlobalSection
	GlobalSection(SolutionProperties) = preSolution
		HideSolutionNode = FALSE
	EndGlobalSection
EndGlobal
